
Microsoft Visual Studio Solution File, Format Version 12.00
# Visual Studio Version 16
VisualStudioVersion = 16.0.31702.278
MinimumVisualStudioVersion = 10.0.40219.1
Project("{FAE04EC0-301F-11D3-BF4B-00C04F79EFBC}") = "SPZLAB4", "SPZLAB4\SPZLAB4.csproj", "{727C4F12-1930-401D-ABF3-302D58074937}"
EndProject
Global
	GlobalSection(SolutionConfigurationPlatforms) = preSolution
		Debug|Any CPU = Debug|Any CPU
		Release|Any CPU = Release|Any CPU
	EndGlobalSection
	GlobalSection(ProjectConfigurationPlatforms) = postSolution
		{727C4F12-1930-401D-ABF3-302D58074937}.Debug|Any CPU.ActiveCfg = Debug|Any CPU
		{727C4F12-1930-401D-ABF3-302D58074937}.Debug|Any CPU.Build.0 = Debug|Any CPU
		{727C4F12-1930-401D-ABF3-302D58074937}.Release|Any CPU.ActiveCfg = Release|Any CPU
		{727C4F12-1930-401D-ABF3-302D58074937}.Release|Any CPU.Build.0 = Release|Any CPU
	EndGlobalSection
	GlobalSection(SolutionProperties) = preSolution
		HideSolutionNode = FALSE
	EndGlobalSection
	GlobalSection(ExtensibilityGlobals) = postSolution
		SolutionGuid = {3F395E43-2196-421F-8EDB-CA5EB0CF2FB5}
	EndGlobalSection
EndGlobal
